
Microsoft Visual Studio Solution File, Format Version 12.00
# Visual Studio Version 16
VisualStudioVersion = 16.0.31624.102
MinimumVisualStudioVersion = 10.0.40219.1
Project("{FAE04EC0-301F-11D3-BF4B-00C04F79EFBC}") = "perimeterApp", "perimeterApp\perimeterApp.csproj", "{BCD84F4D-8E53-4167-9803-4CBB351F2D39}"
EndProject
Global
	GlobalSection(SolutionConfigurationPlatforms) = preSolution
		Debug|Any CPU = Debug|Any CPU
		Release|Any CPU = Release|Any CPU
	EndGlobalSection
	GlobalSection(ProjectConfigurationPlatforms) = postSolution
		{BCD84F4D-8E53-4167-9803-4CBB351F2D39}.Debug|Any CPU.ActiveCfg = Debug|Any CPU
		{BCD84F4D-8E53-4167-9803-4CBB351F2D39}.Debug|Any CPU.Build.0 = Debug|Any CPU
		{BCD84F4D-8E53-4167-9803-4CBB351F2D39}.Release|Any CPU.ActiveCfg = Release|Any CPU
		{BCD84F4D-8E53-4167-9803-4CBB351F2D39}.Release|Any CPU.Build.0 = Release|Any CPU
	EndGlobalSection
	GlobalSection(SolutionProperties) = preSolution
		HideSolutionNode = FALSE
	EndGlobalSection
	GlobalSection(ExtensibilityGlobals) = postSolution
		SolutionGuid = {A8E0EF64-6138-467F-97A8-04472F25C6C1}
	EndGlobalSection
EndGlobal
